
Microsoft Visual Studio Solution File, Format Version 12.00
# Visual Studio 15
VisualStudioVersion = 15.0.27428.2037
MinimumVisualStudioVersion = 10.0.40219.1
Project("{9A19103F-16F7-4668-BE54-9A1E7A4F7556}") = "Two_Sum", "Two_Sum\Two_Sum.csproj", "{11DD7FBC-FBAB-4099-9A73-FEFBC21ADF43}"
EndProject
Project("{9A19103F-16F7-4668-BE54-9A1E7A4F7556}") = "Add_Two_Numbers", "Add_Two_Numbers\Add_Two_Numbers.csproj", "{47956FAA-0B0F-4CDB-ACBF-60860709BCC2}"
EndProject
Project("{9A19103F-16F7-4668-BE54-9A1E7A4F7556}") = "Remove_Duplicates_From_Sorted_Array", "Remove_Duplicates_From_Sorted_Array\Remove_Duplicates_From_Sorted_Array.csproj", "{D52CD474-9019-44A2-9F4C-1027E450DF3D}"
EndProject
Project("{9A19103F-16F7-4668-BE54-9A1E7A4F7556}") = "Best_Time_To_Buy_And_Sell_Stock_ii", "Best_Time_To_Buy_And_Sell_Stock_ii\Best_Time_To_Buy_And_Sell_Stock_ii.csproj", "{4D5F55C5-2461-4519-A32B-EA7A29489A7D}"
EndProject
Project("{9A19103F-16F7-4668-BE54-9A1E7A4F7556}") = "Rotate_Array", "Rotate_Array\Rotate_Array.csproj", "{E84CB45E-7280-4FB6-9B17-4C8C84E44337}"
EndProject
Project("{9A19103F-16F7-4668-BE54-9A1E7A4F7556}") = "Contains_Duplicate", "Contains_Duplicate\Contains_Duplicate.csproj", "{3E3BC7FB-15FB-40C1-A3FE-F4150B9CF6CD}"
EndProject
Project("{FAE04EC0-301F-11D3-BF4B-00C04F79EFBC}") = "Single_Number", "Single_Number\Single_Number.csproj", "{F451D867-6D4C-438C-8B1D-A49AA2785ADD}"
EndProject
Project("{FAE04EC0-301F-11D3-BF4B-00C04F79EFBC}") = "Intersection_Of_Two_Arrays_ii", "Intersection_Of_Two_Arrays_ii\Intersection_Of_Two_Arrays_ii.csproj", "{0F8ED8CB-764D-447C-8C59-3551C62AB257}"
EndProject
Global
	GlobalSection(SolutionConfigurationPlatforms) = preSolution
		Debug|Any CPU = Debug|Any CPU
		Release|Any CPU = Release|Any CPU
	EndGlobalSection
	GlobalSection(ProjectConfigurationPlatforms) = postSolution
		{11DD7FBC-FBAB-4099-9A73-FEFBC21ADF43}.Debug|Any CPU.ActiveCfg = Debug|Any CPU
		{11DD7FBC-FBAB-4099-9A73-FEFBC21ADF43}.Debug|Any CPU.Build.0 = Debug|Any CPU
		{11DD7FBC-FBAB-4099-9A73-FEFBC21ADF43}.Release|Any CPU.ActiveCfg = Release|Any CPU
		{11DD7FBC-FBAB-4099-9A73-FEFBC21ADF43}.Release|Any CPU.Build.0 = Release|Any CPU
		{47956FAA-0B0F-4CDB-ACBF-60860709BCC2}.Debug|Any CPU.ActiveCfg = Debug|Any CPU
		{47956FAA-0B0F-4CDB-ACBF-60860709BCC2}.Debug|Any CPU.Build.0 = Debug|Any CPU
		{47956FAA-0B0F-4CDB-ACBF-60860709BCC2}.Release|Any CPU.ActiveCfg = Release|Any CPU
		{47956FAA-0B0F-4CDB-ACBF-60860709BCC2}.Release|Any CPU.Build.0 = Release|Any CPU
		{D52CD474-9019-44A2-9F4C-1027E450DF3D}.Debug|Any CPU.ActiveCfg = Debug|Any CPU
		{D52CD474-9019-44A2-9F4C-1027E450DF3D}.Debug|Any CPU.Build.0 = Debug|Any CPU
		{D52CD474-9019-44A2-9F4C-1027E450DF3D}.Release|Any CPU.ActiveCfg = Release|Any CPU
		{D52CD474-9019-44A2-9F4C-1027E450DF3D}.Release|Any CPU.Build.0 = Release|Any CPU
		{4D5F55C5-2461-4519-A32B-EA7A29489A7D}.Debug|Any CPU.ActiveCfg = Debug|Any CPU
		{4D5F55C5-2461-4519-A32B-EA7A29489A7D}.Debug|Any CPU.Build.0 = Debug|Any CPU
		{4D5F55C5-2461-4519-A32B-EA7A29489A7D}.Release|Any CPU.ActiveCfg = Release|Any CPU
		{4D5F55C5-2461-4519-A32B-EA7A29489A7D}.Release|Any CPU.Build.0 = Release|Any CPU
		{E84CB45E-7280-4FB6-9B17-4C8C84E44337}.Debug|Any CPU.ActiveCfg = Debug|Any CPU
		{E84CB45E-7280-4FB6-9B17-4C8C84E44337}.Debug|Any CPU.Build.0 = Debug|Any CPU
		{E84CB45E-7280-4FB6-9B17-4C8C84E44337}.Release|Any CPU.ActiveCfg = Release|Any CPU
		{E84CB45E-7280-4FB6-9B17-4C8C84E44337}.Release|Any CPU.Build.0 = Release|Any CPU
		{3E3BC7FB-15FB-40C1-A3FE-F4150B9CF6CD}.Debug|Any CPU.ActiveCfg = Debug|Any CPU
		{3E3BC7FB-15FB-40C1-A3FE-F4150B9CF6CD}.Debug|Any CPU.Build.0 = Debug|Any CPU
		{3E3BC7FB-15FB-40C1-A3FE-F4150B9CF6CD}.Release|Any CPU.ActiveCfg = Release|Any CPU
		{3E3BC7FB-15FB-40C1-A3FE-F4150B9CF6CD}.Release|Any CPU.Build.0 = Release|Any CPU
		{F451D867-6D4C-438C-8B1D-A49AA2785ADD}.Debug|Any CPU.ActiveCfg = Debug|Any CPU
		{F451D867-6D4C-438C-8B1D-A49AA2785ADD}.Debug|Any CPU.Build.0 = Debug|Any CPU
		{F451D867-6D4C-438C-8B1D-A49AA2785ADD}.Release|Any CPU.ActiveCfg = Release|Any CPU
		{F451D867-6D4C-438C-8B1D-A49AA2785ADD}.Release|Any CPU.Build.0 = Release|Any CPU
		{0F8ED8CB-764D-447C-8C59-3551C62AB257}.Debug|Any CPU.ActiveCfg = Debug|Any CPU
		{0F8ED8CB-764D-447C-8C59-3551C62AB257}.Debug|Any CPU.Build.0 = Debug|Any CPU
		{0F8ED8CB-764D-447C-8C59-3551C62AB257}.Release|Any CPU.ActiveCfg = Release|Any CPU
		{0F8ED8CB-764D-447C-8C59-3551C62AB257}.Release|Any CPU.Build.0 = Release|Any CPU
	EndGlobalSection
	GlobalSection(SolutionProperties) = preSolution
		HideSolutionNode = FALSE
	EndGlobalSection
	GlobalSection(ExtensibilityGlobals) = postSolution
		SolutionGuid = {76E8EBB4-06E2-40F0-812C-9E5C8965E225}
	EndGlobalSection
EndGlobal
