
Microsoft Visual Studio Solution File, Format Version 12.00
# Visual Studio 15
VisualStudioVersion = 15.0.27428.2037
MinimumVisualStudioVersion = 10.0.40219.1
Project("{9A19103F-16F7-4668-BE54-9A1E7A4F7556}") = "Two_Sum", "Two_Sum\Two_Sum.csproj", "{11DD7FBC-FBAB-4099-9A73-FEFBC21ADF43}"
EndProject
Project("{9A19103F-16F7-4668-BE54-9A1E7A4F7556}") = "Add_Two_Numbers", "Add_Two_Numbers\Add_Two_Numbers.csproj", "{47956FAA-0B0F-4CDB-ACBF-60860709BCC2}"
EndProject
Project("{9A19103F-16F7-4668-BE54-9A1E7A4F7556}") = "Remove_Duplicates_From_Sorted_Array", "Remove_Duplicates_From_Sorted_Array\Remove_Duplicates_From_Sorted_Array.csproj", "{D52CD474-9019-44A2-9F4C-1027E450DF3D}"
EndProject
Project("{9A19103F-16F7-4668-BE54-9A1E7A4F7556}") = "Best_Time_To_Buy_And_Sell_Stock_ii", "Best_Time_To_Buy_And_Sell_Stock_ii\Best_Time_To_Buy_And_Sell_Stock_ii.csproj", "{4D5F55C5-2461-4519-A32B-EA7A29489A7D}"
EndProject
Project("{9A19103F-16F7-4668-BE54-9A1E7A4F7556}") = "Rotate_Array", "Rotate_Array\Rotate_Array.csproj", "{E84CB45E-7280-4FB6-9B17-4C8C84E44337}"
EndProject
Project("{9A19103F-16F7-4668-BE54-9A1E7A4F7556}") = "Contains_Duplicate", "Contains_Duplicate\Contains_Duplicate.csproj", "{3E3BC7FB-15FB-40C1-A3FE-F4150B9CF6CD}"
EndProject
Project("{9A19103F-16F7-4668-BE54-9A1E7A4F7556}") = "Single_Number", "Single_Number\Single_Number.csproj", "{F451D867-6D4C-438C-8B1D-A49AA2785ADD}"
EndProject
Project("{9A19103F-16F7-4668-BE54-9A1E7A4F7556}") = "Intersection_Of_Two_Arrays_ii", "Intersection_Of_Two_Arrays_ii\Intersection_Of_Two_Arrays_ii.csproj", "{0F8ED8CB-764D-447C-8C59-3551C62AB257}"
EndProject
Project("{9A19103F-16F7-4668-BE54-9A1E7A4F7556}") = "Plus_One", "Plus_One\Plus_One.csproj", "{A05732FA-9F6D-45C4-949C-2AE7BFE725CC}"
EndProject
Project("{9A19103F-16F7-4668-BE54-9A1E7A4F7556}") = "Move_Zeroes", "Move_Zeroes\Move_Zeroes.csproj", "{7513E773-1A92-4130-8DE9-2B003760C9D0}"
EndProject
Project("{9A19103F-16F7-4668-BE54-9A1E7A4F7556}") = "Number_Of_1_Bits", "Number_Of_1_Bits\Number_Of_1_Bits.csproj", "{57360BAD-A7C4-42A8-B267-0836D2CBAB40}"
EndProject
Project("{9A19103F-16F7-4668-BE54-9A1E7A4F7556}") = "Valid_Sudoku", "Valid_Sudoku\Valid_Sudoku.csproj", "{BD9126EF-0E41-46B7-BDAD-D5D613568305}"
EndProject
Project("{9A19103F-16F7-4668-BE54-9A1E7A4F7556}") = "Rotate_Image", "Rotate_Image\Rotate_Image.csproj", "{0F0CCF20-E84A-41B0-A2A0-192CF76B97F2}"
EndProject
Project("{9A19103F-16F7-4668-BE54-9A1E7A4F7556}") = "Hamming_Distance", "Hamming_Distance\Hamming_Distance.csproj", "{59F816AE-1B8D-48CF-97CA-E219A61B2865}"
EndProject
Project("{9A19103F-16F7-4668-BE54-9A1E7A4F7556}") = "Reverse_Bits", "Reverse_Bits\Reverse_Bits.csproj", "{A75B1FE9-9B8C-4AD9-92D6-4E0F5E296798}"
EndProject
Project("{9A19103F-16F7-4668-BE54-9A1E7A4F7556}") = "Pascals_Triangle", "Pascals_Triangle\Pascals_Triangle.csproj", "{0929EA55-29CC-41BD-B9C2-07876239A258}"
EndProject
Project("{9A19103F-16F7-4668-BE54-9A1E7A4F7556}") = "Valid_Parentheses", "Valid_Parentheses\Valid_Parentheses.csproj", "{9D64B69B-469F-4523-BCCE-68FD80F44A53}"
EndProject
Project("{9A19103F-16F7-4668-BE54-9A1E7A4F7556}") = "Missing_Number", "Missing_Number\Missing_Number.csproj", "{309C950B-63EF-4A50-9EB4-39EBE87CA89E}"
EndProject
Project("{9A19103F-16F7-4668-BE54-9A1E7A4F7556}") = "Reverse_String", "Reverse_String\Reverse_String.csproj", "{F9FC0DBD-82F5-4C08-B442-505A7DE8EBE3}"
EndProject
Project("{9A19103F-16F7-4668-BE54-9A1E7A4F7556}") = "Reverse_Integer", "Reverse_Integer\Reverse_Integer.csproj", "{43B350B6-1ABB-4970-8CF9-29D0C44610FB}"
EndProject
Project("{9A19103F-16F7-4668-BE54-9A1E7A4F7556}") = "First_Unique_Character_In_A_String", "First_Unique_Character_In_A_String\First_Unique_Character_In_A_String.csproj", "{70311DD0-859E-45D3-A733-A64E9D295C5D}"
EndProject
Project("{9A19103F-16F7-4668-BE54-9A1E7A4F7556}") = "Valid_Anagram", "Valid_Anagram\Valid_Anagram.csproj", "{831461A4-2BF1-4125-9D73-554B2D5AB59F}"
EndProject
Project("{9A19103F-16F7-4668-BE54-9A1E7A4F7556}") = "Valid_Palindrome", "Valid_Palindrome\Valid_Palindrome.csproj", "{791F2F7B-4B54-44C5-9B87-6040E2D50A04}"
EndProject
Project("{9A19103F-16F7-4668-BE54-9A1E7A4F7556}") = "String_To_Integer_atoi", "String_To_Integer_atoi\String_To_Integer_atoi.csproj", "{6E9B35FC-D657-41DD-A878-0F0AB1063E64}"
EndProject
Project("{9A19103F-16F7-4668-BE54-9A1E7A4F7556}") = "Implement_Strstr", "Implement_Strstr\Implement_Strstr.csproj", "{4B3CF39D-4D34-4380-A05C-6C7EE46E9CB0}"
EndProject
Project("{9A19103F-16F7-4668-BE54-9A1E7A4F7556}") = "Count_And_Say", "Count_And_Say\Count_And_Say.csproj", "{D329EC89-B16F-4A05-BDBD-8ED9EA04164D}"
EndProject
Project("{9A19103F-16F7-4668-BE54-9A1E7A4F7556}") = "Longest_Common_Prefix", "Longest_Common_Prefix\Longest_Common_Prefix.csproj", "{B4681BF4-1297-4D9A-A279-8BFFCCED12E7}"
EndProject
Project("{9A19103F-16F7-4668-BE54-9A1E7A4F7556}") = "Delete_Node_In_A_Linked_List", "Delete_Node_In_A_Linked_List\Delete_Node_In_A_Linked_List.csproj", "{E0DC3B21-D814-44B1-A5D0-9A64099B915B}"
EndProject
Project("{9A19103F-16F7-4668-BE54-9A1E7A4F7556}") = "Remove_Nth_Node_From_End_Of_List", "Remove_Nth_Node_From_End_Of_List\Remove_Nth_Node_From_End_Of_List.csproj", "{4C39E6CD-1B1C-4BFE-994A-6398B014DE1F}"
EndProject
Project("{9A19103F-16F7-4668-BE54-9A1E7A4F7556}") = "Reverse_Linked_List", "Reverse_Linked_List\Reverse_Linked_List.csproj", "{841F30EE-0957-49A6-8740-45C1BBC73E10}"
EndProject
Project("{9A19103F-16F7-4668-BE54-9A1E7A4F7556}") = "Merge_Two_Sorted_Lists", "Merge_Two_Sorted_Lists\Merge_Two_Sorted_Lists.csproj", "{09ECDACC-DA57-4448-A8B1-2270A36A2E4D}"
EndProject
Project("{9A19103F-16F7-4668-BE54-9A1E7A4F7556}") = "Palindrome_Linked_List", "Palindrome_Linked_List\Palindrome_Linked_List.csproj", "{334AC2E5-42B1-4E51-953A-6A0E13AB5812}"
EndProject
Project("{9A19103F-16F7-4668-BE54-9A1E7A4F7556}") = "Linked_List_Cycle", "Linked_List_Cycle\Linked_List_Cycle.csproj", "{43EF7984-D297-4A05-B7D1-8746DEE5EF51}"
EndProject
Project("{9A19103F-16F7-4668-BE54-9A1E7A4F7556}") = "Fizz_Buzz", "Fizz_Buzz\Fizz_Buzz.csproj", "{764458AF-27D8-474F-80EA-A0899D84644E}"
EndProject
Project("{9A19103F-16F7-4668-BE54-9A1E7A4F7556}") = "Count_Primes", "Count_Primes\Count_Primes.csproj", "{5127A022-C3DA-4465-9D08-F06FCE4CCDA3}"
EndProject
Project("{9A19103F-16F7-4668-BE54-9A1E7A4F7556}") = "Power_Of_Three", "Power_Of_Three\Power_Of_Three.csproj", "{51DAE63E-ECB2-4F0F-88DC-F88E12B957F4}"
EndProject
Project("{9A19103F-16F7-4668-BE54-9A1E7A4F7556}") = "Roman_To_Integer", "Roman_To_Integer\Roman_To_Integer.csproj", "{35EBC35E-D159-4EB4-8C5E-FE4046128C7E}"
EndProject
Project("{9A19103F-16F7-4668-BE54-9A1E7A4F7556}") = "Maximum_Depth_Of_Binary_Tree", "Maximum_Depth_Of_Binary_Tree\Maximum_Depth_Of_Binary_Tree.csproj", "{94F084DA-F65A-41A7-BA98-661C1635EEDD}"
EndProject
Project("{9A19103F-16F7-4668-BE54-9A1E7A4F7556}") = "Validate_Binary_Search_Tree", "Validate_Binary_Search_Tree\Validate_Binary_Search_Tree.csproj", "{F758CC57-39EE-486D-9B05-DF2CA4CBCE3A}"
EndProject
Project("{9A19103F-16F7-4668-BE54-9A1E7A4F7556}") = "Symmetric_Tree", "Symmetric_Tree\Symmetric_Tree.csproj", "{7531E084-F866-4B7B-AD87-F4A92317B767}"
EndProject
Project("{9A19103F-16F7-4668-BE54-9A1E7A4F7556}") = "Binary_Tree_Level_Order_Traversal", "Binary_Tree_Level_Order_Traversal\Binary_Tree_Level_Order_Traversal.csproj", "{1512575A-885C-4635-9DBB-8A0D5574B3F8}"
EndProject
Project("{9A19103F-16F7-4668-BE54-9A1E7A4F7556}") = "Convert_Sorted_Array_To_Binary_Search_Tree", "Convert_Sorted_Array_To_Binary_Search_Tree\Convert_Sorted_Array_To_Binary_Search_Tree.csproj", "{08537AFB-F615-4579-AD5C-C286BF781AAE}"
EndProject
Project("{9A19103F-16F7-4668-BE54-9A1E7A4F7556}") = "Merge_Sorted_Array", "Merge_Sorted_Array\Merge_Sorted_Array.csproj", "{DFFC453C-14F7-4079-AD25-9820431A7C48}"
EndProject
Project("{9A19103F-16F7-4668-BE54-9A1E7A4F7556}") = "First_Bad_Version", "First_Bad_Version\First_Bad_Version.csproj", "{44430EC7-AEFF-43C0-A3D3-9F1FFA982F89}"
EndProject
Project("{9A19103F-16F7-4668-BE54-9A1E7A4F7556}") = "Climbing_Stairs", "Climbing_Stairs\Climbing_Stairs.csproj", "{DB8D7194-1253-4358-917C-B72F8E521162}"
EndProject
Project("{9A19103F-16F7-4668-BE54-9A1E7A4F7556}") = "Best_Time_To_Buy_And_Sell_Stock", "Best_Time_To_Buy_And_Sell_Stock\Best_Time_To_Buy_And_Sell_Stock.csproj", "{792E3F94-4D37-4B74-9690-6139BE36B367}"
EndProject
Project("{FAE04EC0-301F-11D3-BF4B-00C04F79EFBC}") = "Maximum_Subarray", "Maximum_Subarray\Maximum_Subarray.csproj", "{6769C389-F40E-472B-AEA3-1A8D2549680E}"
EndProject
Project("{FAE04EC0-301F-11D3-BF4B-00C04F79EFBC}") = "House_Robber", "House_Robber\House_Robber.csproj", "{E1252F79-A783-42FB-9F1A-FD66A4BAE897}"
EndProject
Project("{FAE04EC0-301F-11D3-BF4B-00C04F79EFBC}") = "Shuffle_An_Array", "Shuffle_An_Array\Shuffle_An_Array.csproj", "{25F4E9D5-8C19-4D2D-9D70-ED0E2FBE1390}"
EndProject
Project("{FAE04EC0-301F-11D3-BF4B-00C04F79EFBC}") = "Min_Stack", "Min_Stack\Min_Stack.csproj", "{72B8213F-3C2F-40C9-BA3F-A5A8885230D0}"
EndProject
Project("{FAE04EC0-301F-11D3-BF4B-00C04F79EFBC}") = "_3Sum", "_3Sum\_3Sum.csproj", "{A41A4A8F-C90E-4D4E-A0EE-C750A7B4A806}"
EndProject
Project("{FAE04EC0-301F-11D3-BF4B-00C04F79EFBC}") = "Set_Matrix_Zeroes", "Set_Matrix_Zeroes\Set_Matrix_Zeroes.csproj", "{EACC1ADA-204D-4B62-B416-070C947FC107}"
EndProject
Project("{FAE04EC0-301F-11D3-BF4B-00C04F79EFBC}") = "Group_Anagrams", "Group_Anagrams\Group_Anagrams.csproj", "{B4B94350-EFC2-484D-830F-2D76AA575031}"
EndProject
Project("{FAE04EC0-301F-11D3-BF4B-00C04F79EFBC}") = "Longest_Substring_Without_Repeating_Characters", "Longest_Substring_Without_Repeating_Characters\Longest_Substring_Without_Repeating_Characters.csproj", "{E2E4F51B-D486-4A66-8CA7-BA34E3D2CC94}"
EndProject
Project("{9A19103F-16F7-4668-BE54-9A1E7A4F7556}") = "Longest_Palindromic_Substring", "Longest_Palindromic_Substring\Longest_Palindromic_Substring.csproj", "{6319C021-75B4-41CB-9404-12D136C6F1DC}"
EndProject
Project("{FAE04EC0-301F-11D3-BF4B-00C04F79EFBC}") = "Increasing_Triplet_Subsequence", "Increasing_Triplet_Subsequence\Increasing_Triplet_Subsequence.csproj", "{92856A28-6107-46A0-94F3-2340387DD319}"
EndProject
Project("{FAE04EC0-301F-11D3-BF4B-00C04F79EFBC}") = "Odd_Even_Linked_List", "Odd_Even_Linked_List\Odd_Even_Linked_List.csproj", "{B59120A3-2526-4B25-8AE4-D6B3A4D9D630}"
EndProject
Project("{FAE04EC0-301F-11D3-BF4B-00C04F79EFBC}") = "Intersection_Of_Two_Linked_Lists", "Intersection_Of_Two_Linked_Lists\Intersection_Of_Two_Linked_Lists.csproj", "{070E64DE-E476-4459-8428-7DCA50C35E13}"
EndProject
Project("{FAE04EC0-301F-11D3-BF4B-00C04F79EFBC}") = "Binary_Tree_Inorder_Traversal", "Binary_Tree_Inorder_Traversal\Binary_Tree_Inorder_Traversal.csproj", "{C19D46AC-A46A-4743-86E3-D943590392E0}"
EndProject
Project("{FAE04EC0-301F-11D3-BF4B-00C04F79EFBC}") = "Binary_Tree_Zigzag_Level_Order_Traversal", "Binary_Tree_Zigzag_Level_Order_Traversal\Binary_Tree_Zigzag_Level_Order_Traversal.csproj", "{FC3E9EC4-40DE-4C40-98FE-F0AE244E476A}"
EndProject
Project("{FAE04EC0-301F-11D3-BF4B-00C04F79EFBC}") = "Construct_Binary_Tree_From_Preorder_And_Inorder_Traversal", "Construct_Binary_Tree_From_Preorder_And_Inorder_Traversal\Construct_Binary_Tree_From_Preorder_And_Inorder_Traversal.csproj", "{8F8FF2C0-24AF-4C19-8E69-6872A4B1997B}"
EndProject
Project("{9A19103F-16F7-4668-BE54-9A1E7A4F7556}") = "Common", "Common\Common.csproj", "{19D8FC78-BB83-43E1-BBD7-60EAB80ABFCA}"
EndProject
Project("{FAE04EC0-301F-11D3-BF4B-00C04F79EFBC}") = "Populating_Next_Right_Pointers_In_Each_Node", "Populating_Next_Right_Pointers_In_Each_Node\Populating_Next_Right_Pointers_In_Each_Node.csproj", "{45457B88-F82F-49C3-B814-9F2F996A6AF9}"
EndProject
Project("{FAE04EC0-301F-11D3-BF4B-00C04F79EFBC}") = "Populating_Next_Right_Pointers_In_Each_Node-ii", "Populating_Next_Right_Pointers_In_Each_Node-ii\Populating_Next_Right_Pointers_In_Each_Node-ii.csproj", "{8BD39803-CB85-40F9-B937-C96FC7F6A2E2}"
EndProject
Project("{FAE04EC0-301F-11D3-BF4B-00C04F79EFBC}") = "Kth_Smallest_Element_In_A_BST", "Kth_Smallest_Element_In_A_BST\Kth_Smallest_Element_In_A_BST.csproj", "{92E7405D-D6E6-4B36-BAE8-71892B32E9F2}"
EndProject
Project("{FAE04EC0-301F-11D3-BF4B-00C04F79EFBC}") = "Number_Of_Islands", "Number_Of_Islands\Number_Of_Islands.csproj", "{EF01134A-9B76-4842-B9E4-3D441EDBD2A4}"
EndProject
Project("{FAE04EC0-301F-11D3-BF4B-00C04F79EFBC}") = "Letter_Combinations_Of_A_Phone_Number", "Letter_Combinations_Of_A_Phone_Number\Letter_Combinations_Of_A_Phone_Number.csproj", "{FDB0EFAE-A789-4A45-804C-E56DA1068D6C}"
EndProject
Project("{FAE04EC0-301F-11D3-BF4B-00C04F79EFBC}") = "Generate_Parentheses", "Generate_Parentheses\Generate_Parentheses.csproj", "{01E18F79-02FF-46B3-A8DC-24886A2B2A6B}"
EndProject
Project("{FAE04EC0-301F-11D3-BF4B-00C04F79EFBC}") = "Permutations", "Permutations\Permutations.csproj", "{BEF32D7C-00F5-424C-BE94-6B57637F3003}"
EndProject
Project("{FAE04EC0-301F-11D3-BF4B-00C04F79EFBC}") = "Subsets", "Subsets\Subsets.csproj", "{6451F9B9-C620-432D-B1D9-CC433B4827CE}"
EndProject
Project("{FAE04EC0-301F-11D3-BF4B-00C04F79EFBC}") = "Word_Search", "Word_Search\Word_Search.csproj", "{401A0759-7318-4D99-8732-ACC3B709176D}"
EndProject
Project("{FAE04EC0-301F-11D3-BF4B-00C04F79EFBC}") = "Sort_Colors", "Sort_Colors\Sort_Colors.csproj", "{BF9DB393-A54B-44F2-98FD-286D53AE0524}"
EndProject
Global
	GlobalSection(SolutionConfigurationPlatforms) = preSolution
		Debug|Any CPU = Debug|Any CPU
		Release|Any CPU = Release|Any CPU
	EndGlobalSection
	GlobalSection(ProjectConfigurationPlatforms) = postSolution
		{11DD7FBC-FBAB-4099-9A73-FEFBC21ADF43}.Debug|Any CPU.ActiveCfg = Debug|Any CPU
		{11DD7FBC-FBAB-4099-9A73-FEFBC21ADF43}.Debug|Any CPU.Build.0 = Debug|Any CPU
		{11DD7FBC-FBAB-4099-9A73-FEFBC21ADF43}.Release|Any CPU.ActiveCfg = Release|Any CPU
		{11DD7FBC-FBAB-4099-9A73-FEFBC21ADF43}.Release|Any CPU.Build.0 = Release|Any CPU
		{47956FAA-0B0F-4CDB-ACBF-60860709BCC2}.Debug|Any CPU.ActiveCfg = Debug|Any CPU
		{47956FAA-0B0F-4CDB-ACBF-60860709BCC2}.Debug|Any CPU.Build.0 = Debug|Any CPU
		{47956FAA-0B0F-4CDB-ACBF-60860709BCC2}.Release|Any CPU.ActiveCfg = Release|Any CPU
		{47956FAA-0B0F-4CDB-ACBF-60860709BCC2}.Release|Any CPU.Build.0 = Release|Any CPU
		{D52CD474-9019-44A2-9F4C-1027E450DF3D}.Debug|Any CPU.ActiveCfg = Debug|Any CPU
		{D52CD474-9019-44A2-9F4C-1027E450DF3D}.Debug|Any CPU.Build.0 = Debug|Any CPU
		{D52CD474-9019-44A2-9F4C-1027E450DF3D}.Release|Any CPU.ActiveCfg = Release|Any CPU
		{D52CD474-9019-44A2-9F4C-1027E450DF3D}.Release|Any CPU.Build.0 = Release|Any CPU
		{4D5F55C5-2461-4519-A32B-EA7A29489A7D}.Debug|Any CPU.ActiveCfg = Debug|Any CPU
		{4D5F55C5-2461-4519-A32B-EA7A29489A7D}.Debug|Any CPU.Build.0 = Debug|Any CPU
		{4D5F55C5-2461-4519-A32B-EA7A29489A7D}.Release|Any CPU.ActiveCfg = Release|Any CPU
		{4D5F55C5-2461-4519-A32B-EA7A29489A7D}.Release|Any CPU.Build.0 = Release|Any CPU
		{E84CB45E-7280-4FB6-9B17-4C8C84E44337}.Debug|Any CPU.ActiveCfg = Debug|Any CPU
		{E84CB45E-7280-4FB6-9B17-4C8C84E44337}.Debug|Any CPU.Build.0 = Debug|Any CPU
		{E84CB45E-7280-4FB6-9B17-4C8C84E44337}.Release|Any CPU.ActiveCfg = Release|Any CPU
		{E84CB45E-7280-4FB6-9B17-4C8C84E44337}.Release|Any CPU.Build.0 = Release|Any CPU
		{3E3BC7FB-15FB-40C1-A3FE-F4150B9CF6CD}.Debug|Any CPU.ActiveCfg = Debug|Any CPU
		{3E3BC7FB-15FB-40C1-A3FE-F4150B9CF6CD}.Debug|Any CPU.Build.0 = Debug|Any CPU
		{3E3BC7FB-15FB-40C1-A3FE-F4150B9CF6CD}.Release|Any CPU.ActiveCfg = Release|Any CPU
		{3E3BC7FB-15FB-40C1-A3FE-F4150B9CF6CD}.Release|Any CPU.Build.0 = Release|Any CPU
		{F451D867-6D4C-438C-8B1D-A49AA2785ADD}.Debug|Any CPU.ActiveCfg = Debug|Any CPU
		{F451D867-6D4C-438C-8B1D-A49AA2785ADD}.Debug|Any CPU.Build.0 = Debug|Any CPU
		{F451D867-6D4C-438C-8B1D-A49AA2785ADD}.Release|Any CPU.ActiveCfg = Release|Any CPU
		{F451D867-6D4C-438C-8B1D-A49AA2785ADD}.Release|Any CPU.Build.0 = Release|Any CPU
		{0F8ED8CB-764D-447C-8C59-3551C62AB257}.Debug|Any CPU.ActiveCfg = Debug|Any CPU
		{0F8ED8CB-764D-447C-8C59-3551C62AB257}.Debug|Any CPU.Build.0 = Debug|Any CPU
		{0F8ED8CB-764D-447C-8C59-3551C62AB257}.Release|Any CPU.ActiveCfg = Release|Any CPU
		{0F8ED8CB-764D-447C-8C59-3551C62AB257}.Release|Any CPU.Build.0 = Release|Any CPU
		{A05732FA-9F6D-45C4-949C-2AE7BFE725CC}.Debug|Any CPU.ActiveCfg = Debug|Any CPU
		{A05732FA-9F6D-45C4-949C-2AE7BFE725CC}.Debug|Any CPU.Build.0 = Debug|Any CPU
		{A05732FA-9F6D-45C4-949C-2AE7BFE725CC}.Release|Any CPU.ActiveCfg = Release|Any CPU
		{A05732FA-9F6D-45C4-949C-2AE7BFE725CC}.Release|Any CPU.Build.0 = Release|Any CPU
		{7513E773-1A92-4130-8DE9-2B003760C9D0}.Debug|Any CPU.ActiveCfg = Debug|Any CPU
		{7513E773-1A92-4130-8DE9-2B003760C9D0}.Debug|Any CPU.Build.0 = Debug|Any CPU
		{7513E773-1A92-4130-8DE9-2B003760C9D0}.Release|Any CPU.ActiveCfg = Release|Any CPU
		{7513E773-1A92-4130-8DE9-2B003760C9D0}.Release|Any CPU.Build.0 = Release|Any CPU
		{57360BAD-A7C4-42A8-B267-0836D2CBAB40}.Debug|Any CPU.ActiveCfg = Debug|Any CPU
		{57360BAD-A7C4-42A8-B267-0836D2CBAB40}.Debug|Any CPU.Build.0 = Debug|Any CPU
		{57360BAD-A7C4-42A8-B267-0836D2CBAB40}.Release|Any CPU.ActiveCfg = Release|Any CPU
		{57360BAD-A7C4-42A8-B267-0836D2CBAB40}.Release|Any CPU.Build.0 = Release|Any CPU
		{BD9126EF-0E41-46B7-BDAD-D5D613568305}.Debug|Any CPU.ActiveCfg = Debug|Any CPU
		{BD9126EF-0E41-46B7-BDAD-D5D613568305}.Debug|Any CPU.Build.0 = Debug|Any CPU
		{BD9126EF-0E41-46B7-BDAD-D5D613568305}.Release|Any CPU.ActiveCfg = Release|Any CPU
		{BD9126EF-0E41-46B7-BDAD-D5D613568305}.Release|Any CPU.Build.0 = Release|Any CPU
		{0F0CCF20-E84A-41B0-A2A0-192CF76B97F2}.Debug|Any CPU.ActiveCfg = Debug|Any CPU
		{0F0CCF20-E84A-41B0-A2A0-192CF76B97F2}.Debug|Any CPU.Build.0 = Debug|Any CPU
		{0F0CCF20-E84A-41B0-A2A0-192CF76B97F2}.Release|Any CPU.ActiveCfg = Release|Any CPU
		{0F0CCF20-E84A-41B0-A2A0-192CF76B97F2}.Release|Any CPU.Build.0 = Release|Any CPU
		{59F816AE-1B8D-48CF-97CA-E219A61B2865}.Debug|Any CPU.ActiveCfg = Debug|Any CPU
		{59F816AE-1B8D-48CF-97CA-E219A61B2865}.Debug|Any CPU.Build.0 = Debug|Any CPU
		{59F816AE-1B8D-48CF-97CA-E219A61B2865}.Release|Any CPU.ActiveCfg = Release|Any CPU
		{59F816AE-1B8D-48CF-97CA-E219A61B2865}.Release|Any CPU.Build.0 = Release|Any CPU
		{A75B1FE9-9B8C-4AD9-92D6-4E0F5E296798}.Debug|Any CPU.ActiveCfg = Debug|Any CPU
		{A75B1FE9-9B8C-4AD9-92D6-4E0F5E296798}.Debug|Any CPU.Build.0 = Debug|Any CPU
		{A75B1FE9-9B8C-4AD9-92D6-4E0F5E296798}.Release|Any CPU.ActiveCfg = Release|Any CPU
		{A75B1FE9-9B8C-4AD9-92D6-4E0F5E296798}.Release|Any CPU.Build.0 = Release|Any CPU
		{0929EA55-29CC-41BD-B9C2-07876239A258}.Debug|Any CPU.ActiveCfg = Debug|Any CPU
		{0929EA55-29CC-41BD-B9C2-07876239A258}.Debug|Any CPU.Build.0 = Debug|Any CPU
		{0929EA55-29CC-41BD-B9C2-07876239A258}.Release|Any CPU.ActiveCfg = Release|Any CPU
		{0929EA55-29CC-41BD-B9C2-07876239A258}.Release|Any CPU.Build.0 = Release|Any CPU
		{9D64B69B-469F-4523-BCCE-68FD80F44A53}.Debug|Any CPU.ActiveCfg = Debug|Any CPU
		{9D64B69B-469F-4523-BCCE-68FD80F44A53}.Debug|Any CPU.Build.0 = Debug|Any CPU
		{9D64B69B-469F-4523-BCCE-68FD80F44A53}.Release|Any CPU.ActiveCfg = Release|Any CPU
		{9D64B69B-469F-4523-BCCE-68FD80F44A53}.Release|Any CPU.Build.0 = Release|Any CPU
		{309C950B-63EF-4A50-9EB4-39EBE87CA89E}.Debug|Any CPU.ActiveCfg = Debug|Any CPU
		{309C950B-63EF-4A50-9EB4-39EBE87CA89E}.Debug|Any CPU.Build.0 = Debug|Any CPU
		{309C950B-63EF-4A50-9EB4-39EBE87CA89E}.Release|Any CPU.ActiveCfg = Release|Any CPU
		{309C950B-63EF-4A50-9EB4-39EBE87CA89E}.Release|Any CPU.Build.0 = Release|Any CPU
		{F9FC0DBD-82F5-4C08-B442-505A7DE8EBE3}.Debug|Any CPU.ActiveCfg = Debug|Any CPU
		{F9FC0DBD-82F5-4C08-B442-505A7DE8EBE3}.Debug|Any CPU.Build.0 = Debug|Any CPU
		{F9FC0DBD-82F5-4C08-B442-505A7DE8EBE3}.Release|Any CPU.ActiveCfg = Release|Any CPU
		{F9FC0DBD-82F5-4C08-B442-505A7DE8EBE3}.Release|Any CPU.Build.0 = Release|Any CPU
		{43B350B6-1ABB-4970-8CF9-29D0C44610FB}.Debug|Any CPU.ActiveCfg = Debug|Any CPU
		{43B350B6-1ABB-4970-8CF9-29D0C44610FB}.Debug|Any CPU.Build.0 = Debug|Any CPU
		{43B350B6-1ABB-4970-8CF9-29D0C44610FB}.Release|Any CPU.ActiveCfg = Release|Any CPU
		{43B350B6-1ABB-4970-8CF9-29D0C44610FB}.Release|Any CPU.Build.0 = Release|Any CPU
		{70311DD0-859E-45D3-A733-A64E9D295C5D}.Debug|Any CPU.ActiveCfg = Debug|Any CPU
		{70311DD0-859E-45D3-A733-A64E9D295C5D}.Debug|Any CPU.Build.0 = Debug|Any CPU
		{70311DD0-859E-45D3-A733-A64E9D295C5D}.Release|Any CPU.ActiveCfg = Release|Any CPU
		{70311DD0-859E-45D3-A733-A64E9D295C5D}.Release|Any CPU.Build.0 = Release|Any CPU
		{831461A4-2BF1-4125-9D73-554B2D5AB59F}.Debug|Any CPU.ActiveCfg = Debug|Any CPU
		{831461A4-2BF1-4125-9D73-554B2D5AB59F}.Debug|Any CPU.Build.0 = Debug|Any CPU
		{831461A4-2BF1-4125-9D73-554B2D5AB59F}.Release|Any CPU.ActiveCfg = Release|Any CPU
		{831461A4-2BF1-4125-9D73-554B2D5AB59F}.Release|Any CPU.Build.0 = Release|Any CPU
		{791F2F7B-4B54-44C5-9B87-6040E2D50A04}.Debug|Any CPU.ActiveCfg = Debug|Any CPU
		{791F2F7B-4B54-44C5-9B87-6040E2D50A04}.Debug|Any CPU.Build.0 = Debug|Any CPU
		{791F2F7B-4B54-44C5-9B87-6040E2D50A04}.Release|Any CPU.ActiveCfg = Release|Any CPU
		{791F2F7B-4B54-44C5-9B87-6040E2D50A04}.Release|Any CPU.Build.0 = Release|Any CPU
		{6E9B35FC-D657-41DD-A878-0F0AB1063E64}.Debug|Any CPU.ActiveCfg = Debug|Any CPU
		{6E9B35FC-D657-41DD-A878-0F0AB1063E64}.Debug|Any CPU.Build.0 = Debug|Any CPU
		{6E9B35FC-D657-41DD-A878-0F0AB1063E64}.Release|Any CPU.ActiveCfg = Release|Any CPU
		{6E9B35FC-D657-41DD-A878-0F0AB1063E64}.Release|Any CPU.Build.0 = Release|Any CPU
		{4B3CF39D-4D34-4380-A05C-6C7EE46E9CB0}.Debug|Any CPU.ActiveCfg = Debug|Any CPU
		{4B3CF39D-4D34-4380-A05C-6C7EE46E9CB0}.Debug|Any CPU.Build.0 = Debug|Any CPU
		{4B3CF39D-4D34-4380-A05C-6C7EE46E9CB0}.Release|Any CPU.ActiveCfg = Release|Any CPU
		{4B3CF39D-4D34-4380-A05C-6C7EE46E9CB0}.Release|Any CPU.Build.0 = Release|Any CPU
		{D329EC89-B16F-4A05-BDBD-8ED9EA04164D}.Debug|Any CPU.ActiveCfg = Debug|Any CPU
		{D329EC89-B16F-4A05-BDBD-8ED9EA04164D}.Debug|Any CPU.Build.0 = Debug|Any CPU
		{D329EC89-B16F-4A05-BDBD-8ED9EA04164D}.Release|Any CPU.ActiveCfg = Release|Any CPU
		{D329EC89-B16F-4A05-BDBD-8ED9EA04164D}.Release|Any CPU.Build.0 = Release|Any CPU
		{B4681BF4-1297-4D9A-A279-8BFFCCED12E7}.Debug|Any CPU.ActiveCfg = Debug|Any CPU
		{B4681BF4-1297-4D9A-A279-8BFFCCED12E7}.Debug|Any CPU.Build.0 = Debug|Any CPU
		{B4681BF4-1297-4D9A-A279-8BFFCCED12E7}.Release|Any CPU.ActiveCfg = Release|Any CPU
		{B4681BF4-1297-4D9A-A279-8BFFCCED12E7}.Release|Any CPU.Build.0 = Release|Any CPU
		{E0DC3B21-D814-44B1-A5D0-9A64099B915B}.Debug|Any CPU.ActiveCfg = Debug|Any CPU
		{E0DC3B21-D814-44B1-A5D0-9A64099B915B}.Debug|Any CPU.Build.0 = Debug|Any CPU
		{E0DC3B21-D814-44B1-A5D0-9A64099B915B}.Release|Any CPU.ActiveCfg = Release|Any CPU
		{E0DC3B21-D814-44B1-A5D0-9A64099B915B}.Release|Any CPU.Build.0 = Release|Any CPU
		{4C39E6CD-1B1C-4BFE-994A-6398B014DE1F}.Debug|Any CPU.ActiveCfg = Debug|Any CPU
		{4C39E6CD-1B1C-4BFE-994A-6398B014DE1F}.Debug|Any CPU.Build.0 = Debug|Any CPU
		{4C39E6CD-1B1C-4BFE-994A-6398B014DE1F}.Release|Any CPU.ActiveCfg = Release|Any CPU
		{4C39E6CD-1B1C-4BFE-994A-6398B014DE1F}.Release|Any CPU.Build.0 = Release|Any CPU
		{841F30EE-0957-49A6-8740-45C1BBC73E10}.Debug|Any CPU.ActiveCfg = Debug|Any CPU
		{841F30EE-0957-49A6-8740-45C1BBC73E10}.Debug|Any CPU.Build.0 = Debug|Any CPU
		{841F30EE-0957-49A6-8740-45C1BBC73E10}.Release|Any CPU.ActiveCfg = Release|Any CPU
		{841F30EE-0957-49A6-8740-45C1BBC73E10}.Release|Any CPU.Build.0 = Release|Any CPU
		{09ECDACC-DA57-4448-A8B1-2270A36A2E4D}.Debug|Any CPU.ActiveCfg = Debug|Any CPU
		{09ECDACC-DA57-4448-A8B1-2270A36A2E4D}.Debug|Any CPU.Build.0 = Debug|Any CPU
		{09ECDACC-DA57-4448-A8B1-2270A36A2E4D}.Release|Any CPU.ActiveCfg = Release|Any CPU
		{09ECDACC-DA57-4448-A8B1-2270A36A2E4D}.Release|Any CPU.Build.0 = Release|Any CPU
		{334AC2E5-42B1-4E51-953A-6A0E13AB5812}.Debug|Any CPU.ActiveCfg = Debug|Any CPU
		{334AC2E5-42B1-4E51-953A-6A0E13AB5812}.Debug|Any CPU.Build.0 = Debug|Any CPU
		{334AC2E5-42B1-4E51-953A-6A0E13AB5812}.Release|Any CPU.ActiveCfg = Release|Any CPU
		{334AC2E5-42B1-4E51-953A-6A0E13AB5812}.Release|Any CPU.Build.0 = Release|Any CPU
		{43EF7984-D297-4A05-B7D1-8746DEE5EF51}.Debug|Any CPU.ActiveCfg = Debug|Any CPU
		{43EF7984-D297-4A05-B7D1-8746DEE5EF51}.Debug|Any CPU.Build.0 = Debug|Any CPU
		{43EF7984-D297-4A05-B7D1-8746DEE5EF51}.Release|Any CPU.ActiveCfg = Release|Any CPU
		{43EF7984-D297-4A05-B7D1-8746DEE5EF51}.Release|Any CPU.Build.0 = Release|Any CPU
		{764458AF-27D8-474F-80EA-A0899D84644E}.Debug|Any CPU.ActiveCfg = Debug|Any CPU
		{764458AF-27D8-474F-80EA-A0899D84644E}.Debug|Any CPU.Build.0 = Debug|Any CPU
		{764458AF-27D8-474F-80EA-A0899D84644E}.Release|Any CPU.ActiveCfg = Release|Any CPU
		{764458AF-27D8-474F-80EA-A0899D84644E}.Release|Any CPU.Build.0 = Release|Any CPU
		{5127A022-C3DA-4465-9D08-F06FCE4CCDA3}.Debug|Any CPU.ActiveCfg = Debug|Any CPU
		{5127A022-C3DA-4465-9D08-F06FCE4CCDA3}.Debug|Any CPU.Build.0 = Debug|Any CPU
		{5127A022-C3DA-4465-9D08-F06FCE4CCDA3}.Release|Any CPU.ActiveCfg = Release|Any CPU
		{5127A022-C3DA-4465-9D08-F06FCE4CCDA3}.Release|Any CPU.Build.0 = Release|Any CPU
		{51DAE63E-ECB2-4F0F-88DC-F88E12B957F4}.Debug|Any CPU.ActiveCfg = Debug|Any CPU
		{51DAE63E-ECB2-4F0F-88DC-F88E12B957F4}.Debug|Any CPU.Build.0 = Debug|Any CPU
		{51DAE63E-ECB2-4F0F-88DC-F88E12B957F4}.Release|Any CPU.ActiveCfg = Release|Any CPU
		{51DAE63E-ECB2-4F0F-88DC-F88E12B957F4}.Release|Any CPU.Build.0 = Release|Any CPU
		{35EBC35E-D159-4EB4-8C5E-FE4046128C7E}.Debug|Any CPU.ActiveCfg = Debug|Any CPU
		{35EBC35E-D159-4EB4-8C5E-FE4046128C7E}.Debug|Any CPU.Build.0 = Debug|Any CPU
		{35EBC35E-D159-4EB4-8C5E-FE4046128C7E}.Release|Any CPU.ActiveCfg = Release|Any CPU
		{35EBC35E-D159-4EB4-8C5E-FE4046128C7E}.Release|Any CPU.Build.0 = Release|Any CPU
		{94F084DA-F65A-41A7-BA98-661C1635EEDD}.Debug|Any CPU.ActiveCfg = Debug|Any CPU
		{94F084DA-F65A-41A7-BA98-661C1635EEDD}.Debug|Any CPU.Build.0 = Debug|Any CPU
		{94F084DA-F65A-41A7-BA98-661C1635EEDD}.Release|Any CPU.ActiveCfg = Release|Any CPU
		{94F084DA-F65A-41A7-BA98-661C1635EEDD}.Release|Any CPU.Build.0 = Release|Any CPU
		{F758CC57-39EE-486D-9B05-DF2CA4CBCE3A}.Debug|Any CPU.ActiveCfg = Debug|Any CPU
		{F758CC57-39EE-486D-9B05-DF2CA4CBCE3A}.Debug|Any CPU.Build.0 = Debug|Any CPU
		{F758CC57-39EE-486D-9B05-DF2CA4CBCE3A}.Release|Any CPU.ActiveCfg = Release|Any CPU
		{F758CC57-39EE-486D-9B05-DF2CA4CBCE3A}.Release|Any CPU.Build.0 = Release|Any CPU
		{7531E084-F866-4B7B-AD87-F4A92317B767}.Debug|Any CPU.ActiveCfg = Debug|Any CPU
		{7531E084-F866-4B7B-AD87-F4A92317B767}.Debug|Any CPU.Build.0 = Debug|Any CPU
		{7531E084-F866-4B7B-AD87-F4A92317B767}.Release|Any CPU.ActiveCfg = Release|Any CPU
		{7531E084-F866-4B7B-AD87-F4A92317B767}.Release|Any CPU.Build.0 = Release|Any CPU
		{1512575A-885C-4635-9DBB-8A0D5574B3F8}.Debug|Any CPU.ActiveCfg = Debug|Any CPU
		{1512575A-885C-4635-9DBB-8A0D5574B3F8}.Debug|Any CPU.Build.0 = Debug|Any CPU
		{1512575A-885C-4635-9DBB-8A0D5574B3F8}.Release|Any CPU.ActiveCfg = Release|Any CPU
		{1512575A-885C-4635-9DBB-8A0D5574B3F8}.Release|Any CPU.Build.0 = Release|Any CPU
		{08537AFB-F615-4579-AD5C-C286BF781AAE}.Debug|Any CPU.ActiveCfg = Debug|Any CPU
		{08537AFB-F615-4579-AD5C-C286BF781AAE}.Debug|Any CPU.Build.0 = Debug|Any CPU
		{08537AFB-F615-4579-AD5C-C286BF781AAE}.Release|Any CPU.ActiveCfg = Release|Any CPU
		{08537AFB-F615-4579-AD5C-C286BF781AAE}.Release|Any CPU.Build.0 = Release|Any CPU
		{DFFC453C-14F7-4079-AD25-9820431A7C48}.Debug|Any CPU.ActiveCfg = Debug|Any CPU
		{DFFC453C-14F7-4079-AD25-9820431A7C48}.Debug|Any CPU.Build.0 = Debug|Any CPU
		{DFFC453C-14F7-4079-AD25-9820431A7C48}.Release|Any CPU.ActiveCfg = Release|Any CPU
		{DFFC453C-14F7-4079-AD25-9820431A7C48}.Release|Any CPU.Build.0 = Release|Any CPU
		{44430EC7-AEFF-43C0-A3D3-9F1FFA982F89}.Debug|Any CPU.ActiveCfg = Debug|Any CPU
		{44430EC7-AEFF-43C0-A3D3-9F1FFA982F89}.Debug|Any CPU.Build.0 = Debug|Any CPU
		{44430EC7-AEFF-43C0-A3D3-9F1FFA982F89}.Release|Any CPU.ActiveCfg = Release|Any CPU
		{44430EC7-AEFF-43C0-A3D3-9F1FFA982F89}.Release|Any CPU.Build.0 = Release|Any CPU
		{DB8D7194-1253-4358-917C-B72F8E521162}.Debug|Any CPU.ActiveCfg = Debug|Any CPU
		{DB8D7194-1253-4358-917C-B72F8E521162}.Debug|Any CPU.Build.0 = Debug|Any CPU
		{DB8D7194-1253-4358-917C-B72F8E521162}.Release|Any CPU.ActiveCfg = Release|Any CPU
		{DB8D7194-1253-4358-917C-B72F8E521162}.Release|Any CPU.Build.0 = Release|Any CPU
		{792E3F94-4D37-4B74-9690-6139BE36B367}.Debug|Any CPU.ActiveCfg = Debug|Any CPU
		{792E3F94-4D37-4B74-9690-6139BE36B367}.Debug|Any CPU.Build.0 = Debug|Any CPU
		{792E3F94-4D37-4B74-9690-6139BE36B367}.Release|Any CPU.ActiveCfg = Release|Any CPU
		{792E3F94-4D37-4B74-9690-6139BE36B367}.Release|Any CPU.Build.0 = Release|Any CPU
		{6769C389-F40E-472B-AEA3-1A8D2549680E}.Debug|Any CPU.ActiveCfg = Debug|Any CPU
		{6769C389-F40E-472B-AEA3-1A8D2549680E}.Debug|Any CPU.Build.0 = Debug|Any CPU
		{6769C389-F40E-472B-AEA3-1A8D2549680E}.Release|Any CPU.ActiveCfg = Release|Any CPU
		{6769C389-F40E-472B-AEA3-1A8D2549680E}.Release|Any CPU.Build.0 = Release|Any CPU
		{E1252F79-A783-42FB-9F1A-FD66A4BAE897}.Debug|Any CPU.ActiveCfg = Debug|Any CPU
		{E1252F79-A783-42FB-9F1A-FD66A4BAE897}.Debug|Any CPU.Build.0 = Debug|Any CPU
		{E1252F79-A783-42FB-9F1A-FD66A4BAE897}.Release|Any CPU.ActiveCfg = Release|Any CPU
		{E1252F79-A783-42FB-9F1A-FD66A4BAE897}.Release|Any CPU.Build.0 = Release|Any CPU
		{25F4E9D5-8C19-4D2D-9D70-ED0E2FBE1390}.Debug|Any CPU.ActiveCfg = Debug|Any CPU
		{25F4E9D5-8C19-4D2D-9D70-ED0E2FBE1390}.Debug|Any CPU.Build.0 = Debug|Any CPU
		{25F4E9D5-8C19-4D2D-9D70-ED0E2FBE1390}.Release|Any CPU.ActiveCfg = Release|Any CPU
		{25F4E9D5-8C19-4D2D-9D70-ED0E2FBE1390}.Release|Any CPU.Build.0 = Release|Any CPU
		{72B8213F-3C2F-40C9-BA3F-A5A8885230D0}.Debug|Any CPU.ActiveCfg = Debug|Any CPU
		{72B8213F-3C2F-40C9-BA3F-A5A8885230D0}.Debug|Any CPU.Build.0 = Debug|Any CPU
		{72B8213F-3C2F-40C9-BA3F-A5A8885230D0}.Release|Any CPU.ActiveCfg = Release|Any CPU
		{72B8213F-3C2F-40C9-BA3F-A5A8885230D0}.Release|Any CPU.Build.0 = Release|Any CPU
		{A41A4A8F-C90E-4D4E-A0EE-C750A7B4A806}.Debug|Any CPU.ActiveCfg = Debug|Any CPU
		{A41A4A8F-C90E-4D4E-A0EE-C750A7B4A806}.Debug|Any CPU.Build.0 = Debug|Any CPU
		{A41A4A8F-C90E-4D4E-A0EE-C750A7B4A806}.Release|Any CPU.ActiveCfg = Release|Any CPU
		{A41A4A8F-C90E-4D4E-A0EE-C750A7B4A806}.Release|Any CPU.Build.0 = Release|Any CPU
		{EACC1ADA-204D-4B62-B416-070C947FC107}.Debug|Any CPU.ActiveCfg = Debug|Any CPU
		{EACC1ADA-204D-4B62-B416-070C947FC107}.Debug|Any CPU.Build.0 = Debug|Any CPU
		{EACC1ADA-204D-4B62-B416-070C947FC107}.Release|Any CPU.ActiveCfg = Release|Any CPU
		{EACC1ADA-204D-4B62-B416-070C947FC107}.Release|Any CPU.Build.0 = Release|Any CPU
		{B4B94350-EFC2-484D-830F-2D76AA575031}.Debug|Any CPU.ActiveCfg = Debug|Any CPU
		{B4B94350-EFC2-484D-830F-2D76AA575031}.Debug|Any CPU.Build.0 = Debug|Any CPU
		{B4B94350-EFC2-484D-830F-2D76AA575031}.Release|Any CPU.ActiveCfg = Release|Any CPU
		{B4B94350-EFC2-484D-830F-2D76AA575031}.Release|Any CPU.Build.0 = Release|Any CPU
		{E2E4F51B-D486-4A66-8CA7-BA34E3D2CC94}.Debug|Any CPU.ActiveCfg = Debug|Any CPU
		{E2E4F51B-D486-4A66-8CA7-BA34E3D2CC94}.Debug|Any CPU.Build.0 = Debug|Any CPU
		{E2E4F51B-D486-4A66-8CA7-BA34E3D2CC94}.Release|Any CPU.ActiveCfg = Release|Any CPU
		{E2E4F51B-D486-4A66-8CA7-BA34E3D2CC94}.Release|Any CPU.Build.0 = Release|Any CPU
		{6319C021-75B4-41CB-9404-12D136C6F1DC}.Debug|Any CPU.ActiveCfg = Debug|Any CPU
		{6319C021-75B4-41CB-9404-12D136C6F1DC}.Debug|Any CPU.Build.0 = Debug|Any CPU
		{6319C021-75B4-41CB-9404-12D136C6F1DC}.Release|Any CPU.ActiveCfg = Release|Any CPU
		{6319C021-75B4-41CB-9404-12D136C6F1DC}.Release|Any CPU.Build.0 = Release|Any CPU
		{92856A28-6107-46A0-94F3-2340387DD319}.Debug|Any CPU.ActiveCfg = Debug|Any CPU
		{92856A28-6107-46A0-94F3-2340387DD319}.Debug|Any CPU.Build.0 = Debug|Any CPU
		{92856A28-6107-46A0-94F3-2340387DD319}.Release|Any CPU.ActiveCfg = Release|Any CPU
		{92856A28-6107-46A0-94F3-2340387DD319}.Release|Any CPU.Build.0 = Release|Any CPU
		{B59120A3-2526-4B25-8AE4-D6B3A4D9D630}.Debug|Any CPU.ActiveCfg = Debug|Any CPU
		{B59120A3-2526-4B25-8AE4-D6B3A4D9D630}.Debug|Any CPU.Build.0 = Debug|Any CPU
		{B59120A3-2526-4B25-8AE4-D6B3A4D9D630}.Release|Any CPU.ActiveCfg = Release|Any CPU
		{B59120A3-2526-4B25-8AE4-D6B3A4D9D630}.Release|Any CPU.Build.0 = Release|Any CPU
		{070E64DE-E476-4459-8428-7DCA50C35E13}.Debug|Any CPU.ActiveCfg = Debug|Any CPU
		{070E64DE-E476-4459-8428-7DCA50C35E13}.Debug|Any CPU.Build.0 = Debug|Any CPU
		{070E64DE-E476-4459-8428-7DCA50C35E13}.Release|Any CPU.ActiveCfg = Release|Any CPU
		{070E64DE-E476-4459-8428-7DCA50C35E13}.Release|Any CPU.Build.0 = Release|Any CPU
		{C19D46AC-A46A-4743-86E3-D943590392E0}.Debug|Any CPU.ActiveCfg = Debug|Any CPU
		{C19D46AC-A46A-4743-86E3-D943590392E0}.Debug|Any CPU.Build.0 = Debug|Any CPU
		{C19D46AC-A46A-4743-86E3-D943590392E0}.Release|Any CPU.ActiveCfg = Release|Any CPU
		{C19D46AC-A46A-4743-86E3-D943590392E0}.Release|Any CPU.Build.0 = Release|Any CPU
		{FC3E9EC4-40DE-4C40-98FE-F0AE244E476A}.Debug|Any CPU.ActiveCfg = Debug|Any CPU
		{FC3E9EC4-40DE-4C40-98FE-F0AE244E476A}.Debug|Any CPU.Build.0 = Debug|Any CPU
		{FC3E9EC4-40DE-4C40-98FE-F0AE244E476A}.Release|Any CPU.ActiveCfg = Release|Any CPU
		{FC3E9EC4-40DE-4C40-98FE-F0AE244E476A}.Release|Any CPU.Build.0 = Release|Any CPU
		{8F8FF2C0-24AF-4C19-8E69-6872A4B1997B}.Debug|Any CPU.ActiveCfg = Debug|Any CPU
		{8F8FF2C0-24AF-4C19-8E69-6872A4B1997B}.Debug|Any CPU.Build.0 = Debug|Any CPU
		{8F8FF2C0-24AF-4C19-8E69-6872A4B1997B}.Release|Any CPU.ActiveCfg = Release|Any CPU
		{8F8FF2C0-24AF-4C19-8E69-6872A4B1997B}.Release|Any CPU.Build.0 = Release|Any CPU
		{19D8FC78-BB83-43E1-BBD7-60EAB80ABFCA}.Debug|Any CPU.ActiveCfg = Debug|Any CPU
		{19D8FC78-BB83-43E1-BBD7-60EAB80ABFCA}.Debug|Any CPU.Build.0 = Debug|Any CPU
		{19D8FC78-BB83-43E1-BBD7-60EAB80ABFCA}.Release|Any CPU.ActiveCfg = Release|Any CPU
		{19D8FC78-BB83-43E1-BBD7-60EAB80ABFCA}.Release|Any CPU.Build.0 = Release|Any CPU
		{45457B88-F82F-49C3-B814-9F2F996A6AF9}.Debug|Any CPU.ActiveCfg = Debug|Any CPU
		{45457B88-F82F-49C3-B814-9F2F996A6AF9}.Debug|Any CPU.Build.0 = Debug|Any CPU
		{45457B88-F82F-49C3-B814-9F2F996A6AF9}.Release|Any CPU.ActiveCfg = Release|Any CPU
		{45457B88-F82F-49C3-B814-9F2F996A6AF9}.Release|Any CPU.Build.0 = Release|Any CPU
		{8BD39803-CB85-40F9-B937-C96FC7F6A2E2}.Debug|Any CPU.ActiveCfg = Debug|Any CPU
		{8BD39803-CB85-40F9-B937-C96FC7F6A2E2}.Debug|Any CPU.Build.0 = Debug|Any CPU
		{8BD39803-CB85-40F9-B937-C96FC7F6A2E2}.Release|Any CPU.ActiveCfg = Release|Any CPU
		{8BD39803-CB85-40F9-B937-C96FC7F6A2E2}.Release|Any CPU.Build.0 = Release|Any CPU
		{92E7405D-D6E6-4B36-BAE8-71892B32E9F2}.Debug|Any CPU.ActiveCfg = Debug|Any CPU
		{92E7405D-D6E6-4B36-BAE8-71892B32E9F2}.Debug|Any CPU.Build.0 = Debug|Any CPU
		{92E7405D-D6E6-4B36-BAE8-71892B32E9F2}.Release|Any CPU.ActiveCfg = Release|Any CPU
		{92E7405D-D6E6-4B36-BAE8-71892B32E9F2}.Release|Any CPU.Build.0 = Release|Any CPU
		{EF01134A-9B76-4842-B9E4-3D441EDBD2A4}.Debug|Any CPU.ActiveCfg = Debug|Any CPU
		{EF01134A-9B76-4842-B9E4-3D441EDBD2A4}.Debug|Any CPU.Build.0 = Debug|Any CPU
		{EF01134A-9B76-4842-B9E4-3D441EDBD2A4}.Release|Any CPU.ActiveCfg = Release|Any CPU
		{EF01134A-9B76-4842-B9E4-3D441EDBD2A4}.Release|Any CPU.Build.0 = Release|Any CPU
		{FDB0EFAE-A789-4A45-804C-E56DA1068D6C}.Debug|Any CPU.ActiveCfg = Debug|Any CPU
		{FDB0EFAE-A789-4A45-804C-E56DA1068D6C}.Debug|Any CPU.Build.0 = Debug|Any CPU
		{FDB0EFAE-A789-4A45-804C-E56DA1068D6C}.Release|Any CPU.ActiveCfg = Release|Any CPU
		{FDB0EFAE-A789-4A45-804C-E56DA1068D6C}.Release|Any CPU.Build.0 = Release|Any CPU
		{01E18F79-02FF-46B3-A8DC-24886A2B2A6B}.Debug|Any CPU.ActiveCfg = Debug|Any CPU
		{01E18F79-02FF-46B3-A8DC-24886A2B2A6B}.Debug|Any CPU.Build.0 = Debug|Any CPU
		{01E18F79-02FF-46B3-A8DC-24886A2B2A6B}.Release|Any CPU.ActiveCfg = Release|Any CPU
		{01E18F79-02FF-46B3-A8DC-24886A2B2A6B}.Release|Any CPU.Build.0 = Release|Any CPU
		{BEF32D7C-00F5-424C-BE94-6B57637F3003}.Debug|Any CPU.ActiveCfg = Debug|Any CPU
		{BEF32D7C-00F5-424C-BE94-6B57637F3003}.Debug|Any CPU.Build.0 = Debug|Any CPU
		{BEF32D7C-00F5-424C-BE94-6B57637F3003}.Release|Any CPU.ActiveCfg = Release|Any CPU
		{BEF32D7C-00F5-424C-BE94-6B57637F3003}.Release|Any CPU.Build.0 = Release|Any CPU
		{6451F9B9-C620-432D-B1D9-CC433B4827CE}.Debug|Any CPU.ActiveCfg = Debug|Any CPU
		{6451F9B9-C620-432D-B1D9-CC433B4827CE}.Debug|Any CPU.Build.0 = Debug|Any CPU
		{6451F9B9-C620-432D-B1D9-CC433B4827CE}.Release|Any CPU.ActiveCfg = Release|Any CPU
		{6451F9B9-C620-432D-B1D9-CC433B4827CE}.Release|Any CPU.Build.0 = Release|Any CPU
		{401A0759-7318-4D99-8732-ACC3B709176D}.Debug|Any CPU.ActiveCfg = Debug|Any CPU
		{401A0759-7318-4D99-8732-ACC3B709176D}.Debug|Any CPU.Build.0 = Debug|Any CPU
		{401A0759-7318-4D99-8732-ACC3B709176D}.Release|Any CPU.ActiveCfg = Release|Any CPU
		{401A0759-7318-4D99-8732-ACC3B709176D}.Release|Any CPU.Build.0 = Release|Any CPU
		{BF9DB393-A54B-44F2-98FD-286D53AE0524}.Debug|Any CPU.ActiveCfg = Debug|Any CPU
		{BF9DB393-A54B-44F2-98FD-286D53AE0524}.Debug|Any CPU.Build.0 = Debug|Any CPU
		{BF9DB393-A54B-44F2-98FD-286D53AE0524}.Release|Any CPU.ActiveCfg = Release|Any CPU
		{BF9DB393-A54B-44F2-98FD-286D53AE0524}.Release|Any CPU.Build.0 = Release|Any CPU
	EndGlobalSection
	GlobalSection(SolutionProperties) = preSolution
		HideSolutionNode = FALSE
	EndGlobalSection
	GlobalSection(ExtensibilityGlobals) = postSolution
		SolutionGuid = {76E8EBB4-06E2-40F0-812C-9E5C8965E225}
	EndGlobalSection
EndGlobal
