
Microsoft Visual Studio Solution File, Format Version 12.00
# Visual Studio 15
VisualStudioVersion = 15.0.27428.2037
MinimumVisualStudioVersion = 10.0.40219.1
Project("{9A19103F-16F7-4668-BE54-9A1E7A4F7556}") = "Two_Sum", "Two_Sum\Two_Sum.csproj", "{11DD7FBC-FBAB-4099-9A73-FEFBC21ADF43}"
EndProject
Project("{9A19103F-16F7-4668-BE54-9A1E7A4F7556}") = "Add_Two_Numbers", "Add_Two_Numbers\Add_Two_Numbers.csproj", "{47956FAA-0B0F-4CDB-ACBF-60860709BCC2}"
EndProject
Project("{9A19103F-16F7-4668-BE54-9A1E7A4F7556}") = "Remove_Duplicates_From_Sorted_Array", "Remove_Duplicates_From_Sorted_Array\Remove_Duplicates_From_Sorted_Array.csproj", "{D52CD474-9019-44A2-9F4C-1027E450DF3D}"
EndProject
Project("{9A19103F-16F7-4668-BE54-9A1E7A4F7556}") = "Best_Time_To_Buy_And_Sell_Stock_ii", "Best_Time_To_Buy_And_Sell_Stock_ii\Best_Time_To_Buy_And_Sell_Stock_ii.csproj", "{4D5F55C5-2461-4519-A32B-EA7A29489A7D}"
EndProject
Project("{9A19103F-16F7-4668-BE54-9A1E7A4F7556}") = "Rotate_Array", "Rotate_Array\Rotate_Array.csproj", "{E84CB45E-7280-4FB6-9B17-4C8C84E44337}"
EndProject
Project("{9A19103F-16F7-4668-BE54-9A1E7A4F7556}") = "Contains_Duplicate", "Contains_Duplicate\Contains_Duplicate.csproj", "{3E3BC7FB-15FB-40C1-A3FE-F4150B9CF6CD}"
EndProject
Project("{9A19103F-16F7-4668-BE54-9A1E7A4F7556}") = "Single_Number", "Single_Number\Single_Number.csproj", "{F451D867-6D4C-438C-8B1D-A49AA2785ADD}"
EndProject
Project("{9A19103F-16F7-4668-BE54-9A1E7A4F7556}") = "Intersection_Of_Two_Arrays_ii", "Intersection_Of_Two_Arrays_ii\Intersection_Of_Two_Arrays_ii.csproj", "{0F8ED8CB-764D-447C-8C59-3551C62AB257}"
EndProject
Project("{9A19103F-16F7-4668-BE54-9A1E7A4F7556}") = "Plus_One", "Plus_One\Plus_One.csproj", "{A05732FA-9F6D-45C4-949C-2AE7BFE725CC}"
EndProject
Project("{9A19103F-16F7-4668-BE54-9A1E7A4F7556}") = "Move_Zeroes", "Move_Zeroes\Move_Zeroes.csproj", "{7513E773-1A92-4130-8DE9-2B003760C9D0}"
EndProject
Project("{9A19103F-16F7-4668-BE54-9A1E7A4F7556}") = "Number_Of_1_Bits", "Number_Of_1_Bits\Number_Of_1_Bits.csproj", "{57360BAD-A7C4-42A8-B267-0836D2CBAB40}"
EndProject
Project("{9A19103F-16F7-4668-BE54-9A1E7A4F7556}") = "Valid_Sudoku", "Valid_Sudoku\Valid_Sudoku.csproj", "{BD9126EF-0E41-46B7-BDAD-D5D613568305}"
EndProject
Project("{9A19103F-16F7-4668-BE54-9A1E7A4F7556}") = "Rotate_Image", "Rotate_Image\Rotate_Image.csproj", "{0F0CCF20-E84A-41B0-A2A0-192CF76B97F2}"
EndProject
Project("{9A19103F-16F7-4668-BE54-9A1E7A4F7556}") = "Hamming_Distance", "Hamming_Distance\Hamming_Distance.csproj", "{59F816AE-1B8D-48CF-97CA-E219A61B2865}"
EndProject
Project("{FAE04EC0-301F-11D3-BF4B-00C04F79EFBC}") = "Reverse_Bits", "Reverse_Bits\Reverse_Bits.csproj", "{A75B1FE9-9B8C-4AD9-92D6-4E0F5E296798}"
EndProject
Project("{FAE04EC0-301F-11D3-BF4B-00C04F79EFBC}") = "Pascals_Triangle", "Pascals_Triangle\Pascals_Triangle.csproj", "{0929EA55-29CC-41BD-B9C2-07876239A258}"
EndProject
Project("{FAE04EC0-301F-11D3-BF4B-00C04F79EFBC}") = "Valid_Parentheses", "Valid_Parentheses\Valid_Parentheses.csproj", "{9D64B69B-469F-4523-BCCE-68FD80F44A53}"
EndProject
Project("{FAE04EC0-301F-11D3-BF4B-00C04F79EFBC}") = "Missing_Number", "Missing_Number\Missing_Number.csproj", "{309C950B-63EF-4A50-9EB4-39EBE87CA89E}"
EndProject
Global
	GlobalSection(SolutionConfigurationPlatforms) = preSolution
		Debug|Any CPU = Debug|Any CPU
		Release|Any CPU = Release|Any CPU
	EndGlobalSection
	GlobalSection(ProjectConfigurationPlatforms) = postSolution
		{11DD7FBC-FBAB-4099-9A73-FEFBC21ADF43}.Debug|Any CPU.ActiveCfg = Debug|Any CPU
		{11DD7FBC-FBAB-4099-9A73-FEFBC21ADF43}.Debug|Any CPU.Build.0 = Debug|Any CPU
		{11DD7FBC-FBAB-4099-9A73-FEFBC21ADF43}.Release|Any CPU.ActiveCfg = Release|Any CPU
		{11DD7FBC-FBAB-4099-9A73-FEFBC21ADF43}.Release|Any CPU.Build.0 = Release|Any CPU
		{47956FAA-0B0F-4CDB-ACBF-60860709BCC2}.Debug|Any CPU.ActiveCfg = Debug|Any CPU
		{47956FAA-0B0F-4CDB-ACBF-60860709BCC2}.Debug|Any CPU.Build.0 = Debug|Any CPU
		{47956FAA-0B0F-4CDB-ACBF-60860709BCC2}.Release|Any CPU.ActiveCfg = Release|Any CPU
		{47956FAA-0B0F-4CDB-ACBF-60860709BCC2}.Release|Any CPU.Build.0 = Release|Any CPU
		{D52CD474-9019-44A2-9F4C-1027E450DF3D}.Debug|Any CPU.ActiveCfg = Debug|Any CPU
		{D52CD474-9019-44A2-9F4C-1027E450DF3D}.Debug|Any CPU.Build.0 = Debug|Any CPU
		{D52CD474-9019-44A2-9F4C-1027E450DF3D}.Release|Any CPU.ActiveCfg = Release|Any CPU
		{D52CD474-9019-44A2-9F4C-1027E450DF3D}.Release|Any CPU.Build.0 = Release|Any CPU
		{4D5F55C5-2461-4519-A32B-EA7A29489A7D}.Debug|Any CPU.ActiveCfg = Debug|Any CPU
		{4D5F55C5-2461-4519-A32B-EA7A29489A7D}.Debug|Any CPU.Build.0 = Debug|Any CPU
		{4D5F55C5-2461-4519-A32B-EA7A29489A7D}.Release|Any CPU.ActiveCfg = Release|Any CPU
		{4D5F55C5-2461-4519-A32B-EA7A29489A7D}.Release|Any CPU.Build.0 = Release|Any CPU
		{E84CB45E-7280-4FB6-9B17-4C8C84E44337}.Debug|Any CPU.ActiveCfg = Debug|Any CPU
		{E84CB45E-7280-4FB6-9B17-4C8C84E44337}.Debug|Any CPU.Build.0 = Debug|Any CPU
		{E84CB45E-7280-4FB6-9B17-4C8C84E44337}.Release|Any CPU.ActiveCfg = Release|Any CPU
		{E84CB45E-7280-4FB6-9B17-4C8C84E44337}.Release|Any CPU.Build.0 = Release|Any CPU
		{3E3BC7FB-15FB-40C1-A3FE-F4150B9CF6CD}.Debug|Any CPU.ActiveCfg = Debug|Any CPU
		{3E3BC7FB-15FB-40C1-A3FE-F4150B9CF6CD}.Debug|Any CPU.Build.0 = Debug|Any CPU
		{3E3BC7FB-15FB-40C1-A3FE-F4150B9CF6CD}.Release|Any CPU.ActiveCfg = Release|Any CPU
		{3E3BC7FB-15FB-40C1-A3FE-F4150B9CF6CD}.Release|Any CPU.Build.0 = Release|Any CPU
		{F451D867-6D4C-438C-8B1D-A49AA2785ADD}.Debug|Any CPU.ActiveCfg = Debug|Any CPU
		{F451D867-6D4C-438C-8B1D-A49AA2785ADD}.Debug|Any CPU.Build.0 = Debug|Any CPU
		{F451D867-6D4C-438C-8B1D-A49AA2785ADD}.Release|Any CPU.ActiveCfg = Release|Any CPU
		{F451D867-6D4C-438C-8B1D-A49AA2785ADD}.Release|Any CPU.Build.0 = Release|Any CPU
		{0F8ED8CB-764D-447C-8C59-3551C62AB257}.Debug|Any CPU.ActiveCfg = Debug|Any CPU
		{0F8ED8CB-764D-447C-8C59-3551C62AB257}.Debug|Any CPU.Build.0 = Debug|Any CPU
		{0F8ED8CB-764D-447C-8C59-3551C62AB257}.Release|Any CPU.ActiveCfg = Release|Any CPU
		{0F8ED8CB-764D-447C-8C59-3551C62AB257}.Release|Any CPU.Build.0 = Release|Any CPU
		{A05732FA-9F6D-45C4-949C-2AE7BFE725CC}.Debug|Any CPU.ActiveCfg = Debug|Any CPU
		{A05732FA-9F6D-45C4-949C-2AE7BFE725CC}.Debug|Any CPU.Build.0 = Debug|Any CPU
		{A05732FA-9F6D-45C4-949C-2AE7BFE725CC}.Release|Any CPU.ActiveCfg = Release|Any CPU
		{A05732FA-9F6D-45C4-949C-2AE7BFE725CC}.Release|Any CPU.Build.0 = Release|Any CPU
		{7513E773-1A92-4130-8DE9-2B003760C9D0}.Debug|Any CPU.ActiveCfg = Debug|Any CPU
		{7513E773-1A92-4130-8DE9-2B003760C9D0}.Debug|Any CPU.Build.0 = Debug|Any CPU
		{7513E773-1A92-4130-8DE9-2B003760C9D0}.Release|Any CPU.ActiveCfg = Release|Any CPU
		{7513E773-1A92-4130-8DE9-2B003760C9D0}.Release|Any CPU.Build.0 = Release|Any CPU
		{57360BAD-A7C4-42A8-B267-0836D2CBAB40}.Debug|Any CPU.ActiveCfg = Debug|Any CPU
		{57360BAD-A7C4-42A8-B267-0836D2CBAB40}.Debug|Any CPU.Build.0 = Debug|Any CPU
		{57360BAD-A7C4-42A8-B267-0836D2CBAB40}.Release|Any CPU.ActiveCfg = Release|Any CPU
		{57360BAD-A7C4-42A8-B267-0836D2CBAB40}.Release|Any CPU.Build.0 = Release|Any CPU
		{BD9126EF-0E41-46B7-BDAD-D5D613568305}.Debug|Any CPU.ActiveCfg = Debug|Any CPU
		{BD9126EF-0E41-46B7-BDAD-D5D613568305}.Debug|Any CPU.Build.0 = Debug|Any CPU
		{BD9126EF-0E41-46B7-BDAD-D5D613568305}.Release|Any CPU.ActiveCfg = Release|Any CPU
		{BD9126EF-0E41-46B7-BDAD-D5D613568305}.Release|Any CPU.Build.0 = Release|Any CPU
		{0F0CCF20-E84A-41B0-A2A0-192CF76B97F2}.Debug|Any CPU.ActiveCfg = Debug|Any CPU
		{0F0CCF20-E84A-41B0-A2A0-192CF76B97F2}.Debug|Any CPU.Build.0 = Debug|Any CPU
		{0F0CCF20-E84A-41B0-A2A0-192CF76B97F2}.Release|Any CPU.ActiveCfg = Release|Any CPU
		{0F0CCF20-E84A-41B0-A2A0-192CF76B97F2}.Release|Any CPU.Build.0 = Release|Any CPU
		{59F816AE-1B8D-48CF-97CA-E219A61B2865}.Debug|Any CPU.ActiveCfg = Debug|Any CPU
		{59F816AE-1B8D-48CF-97CA-E219A61B2865}.Debug|Any CPU.Build.0 = Debug|Any CPU
		{59F816AE-1B8D-48CF-97CA-E219A61B2865}.Release|Any CPU.ActiveCfg = Release|Any CPU
		{59F816AE-1B8D-48CF-97CA-E219A61B2865}.Release|Any CPU.Build.0 = Release|Any CPU
		{A75B1FE9-9B8C-4AD9-92D6-4E0F5E296798}.Debug|Any CPU.ActiveCfg = Debug|Any CPU
		{A75B1FE9-9B8C-4AD9-92D6-4E0F5E296798}.Debug|Any CPU.Build.0 = Debug|Any CPU
		{A75B1FE9-9B8C-4AD9-92D6-4E0F5E296798}.Release|Any CPU.ActiveCfg = Release|Any CPU
		{A75B1FE9-9B8C-4AD9-92D6-4E0F5E296798}.Release|Any CPU.Build.0 = Release|Any CPU
		{0929EA55-29CC-41BD-B9C2-07876239A258}.Debug|Any CPU.ActiveCfg = Debug|Any CPU
		{0929EA55-29CC-41BD-B9C2-07876239A258}.Debug|Any CPU.Build.0 = Debug|Any CPU
		{0929EA55-29CC-41BD-B9C2-07876239A258}.Release|Any CPU.ActiveCfg = Release|Any CPU
		{0929EA55-29CC-41BD-B9C2-07876239A258}.Release|Any CPU.Build.0 = Release|Any CPU
		{9D64B69B-469F-4523-BCCE-68FD80F44A53}.Debug|Any CPU.ActiveCfg = Debug|Any CPU
		{9D64B69B-469F-4523-BCCE-68FD80F44A53}.Debug|Any CPU.Build.0 = Debug|Any CPU
		{9D64B69B-469F-4523-BCCE-68FD80F44A53}.Release|Any CPU.ActiveCfg = Release|Any CPU
		{9D64B69B-469F-4523-BCCE-68FD80F44A53}.Release|Any CPU.Build.0 = Release|Any CPU
		{309C950B-63EF-4A50-9EB4-39EBE87CA89E}.Debug|Any CPU.ActiveCfg = Debug|Any CPU
		{309C950B-63EF-4A50-9EB4-39EBE87CA89E}.Debug|Any CPU.Build.0 = Debug|Any CPU
		{309C950B-63EF-4A50-9EB4-39EBE87CA89E}.Release|Any CPU.ActiveCfg = Release|Any CPU
		{309C950B-63EF-4A50-9EB4-39EBE87CA89E}.Release|Any CPU.Build.0 = Release|Any CPU
	EndGlobalSection
	GlobalSection(SolutionProperties) = preSolution
		HideSolutionNode = FALSE
	EndGlobalSection
	GlobalSection(ExtensibilityGlobals) = postSolution
		SolutionGuid = {76E8EBB4-06E2-40F0-812C-9E5C8965E225}
	EndGlobalSection
EndGlobal
